
Microsoft Visual Studio Solution File, Format Version 12.00
# Visual Studio Version 17
VisualStudioVersion = 17.7.34024.191
MinimumVisualStudioVersion = 10.0.40219.1
Project("{FAE04EC0-301F-11D3-BF4B-00C04F79EFBC}") = "SchoolWebapp", "SchoolWebapp\SchoolWebapp.csproj", "{A1AA3AF6-779A-4477-91DE-B3088A6FC3EE}"
EndProject
Global
	GlobalSection(SolutionConfigurationPlatforms) = preSolution
		Debug|Any CPU = Debug|Any CPU
		Release|Any CPU = Release|Any CPU
	EndGlobalSection
	GlobalSection(ProjectConfigurationPlatforms) = postSolution
		{A1AA3AF6-779A-4477-91DE-B3088A6FC3EE}.Debug|Any CPU.ActiveCfg = Debug|Any CPU
		{A1AA3AF6-779A-4477-91DE-B3088A6FC3EE}.Debug|Any CPU.Build.0 = Debug|Any CPU
		{A1AA3AF6-779A-4477-91DE-B3088A6FC3EE}.Release|Any CPU.ActiveCfg = Release|Any CPU
		{A1AA3AF6-779A-4477-91DE-B3088A6FC3EE}.Release|Any CPU.Build.0 = Release|Any CPU
	EndGlobalSection
	GlobalSection(SolutionProperties) = preSolution
		HideSolutionNode = FALSE
	EndGlobalSection
	GlobalSection(ExtensibilityGlobals) = postSolution
		SolutionGuid = {1E67EC55-380C-44A9-88A2-A7F18F50DCD2}
	EndGlobalSection
EndGlobal
