
Microsoft Visual Studio Solution File, Format Version 12.00
# Visual Studio Version 17
VisualStudioVersion = 17.6.33829.357
MinimumVisualStudioVersion = 10.0.40219.1
Project("{FAE04EC0-301F-11D3-BF4B-00C04F79EFBC}") = "School webapp", "School webapp\School webapp.csproj", "{72580918-DF81-40EB-BD96-9B4876304CA3}"
EndProject
Global
	GlobalSection(SolutionConfigurationPlatforms) = preSolution
		Debug|Any CPU = Debug|Any CPU
		Release|Any CPU = Release|Any CPU
	EndGlobalSection
	GlobalSection(ProjectConfigurationPlatforms) = postSolution
		{72580918-DF81-40EB-BD96-9B4876304CA3}.Debug|Any CPU.ActiveCfg = Debug|Any CPU
		{72580918-DF81-40EB-BD96-9B4876304CA3}.Debug|Any CPU.Build.0 = Debug|Any CPU
		{72580918-DF81-40EB-BD96-9B4876304CA3}.Release|Any CPU.ActiveCfg = Release|Any CPU
		{72580918-DF81-40EB-BD96-9B4876304CA3}.Release|Any CPU.Build.0 = Release|Any CPU
	EndGlobalSection
	GlobalSection(SolutionProperties) = preSolution
		HideSolutionNode = FALSE
	EndGlobalSection
	GlobalSection(ExtensibilityGlobals) = postSolution
		SolutionGuid = {589BAA36-68D3-4267-BB2D-A89C877EBFF0}
	EndGlobalSection
EndGlobal
